
Microsoft Visual Studio Solution File, Format Version 12.00
# Visual Studio 2012
Project("{FAE04EC0-301F-11D3-BF4B-00C04F79EFBC}") = "SiteWordsExtractor", "SiteWordsExtractor\SiteWordsExtractor.csproj", "{7A735E6F-8CE2-4D8F-A14F-69ED010944EE}"
EndProject
Global
	GlobalSection(SolutionConfigurationPlatforms) = preSolution
		Debug|Any CPU = Debug|Any CPU
		Release|Any CPU = Release|Any CPU
	EndGlobalSection
	GlobalSection(ProjectConfigurationPlatforms) = postSolution
		{7A735E6F-8CE2-4D8F-A14F-69ED010944EE}.Debug|Any CPU.ActiveCfg = Debug|Any CPU
		{7A735E6F-8CE2-4D8F-A14F-69ED010944EE}.Debug|Any CPU.Build.0 = Debug|Any CPU
		{7A735E6F-8CE2-4D8F-A14F-69ED010944EE}.Release|Any CPU.ActiveCfg = Release|Any CPU
		{7A735E6F-8CE2-4D8F-A14F-69ED010944EE}.Release|Any CPU.Build.0 = Release|Any CPU
	EndGlobalSection
	GlobalSection(SolutionProperties) = preSolution
		HideSolutionNode = FALSE
	EndGlobalSection
EndGlobal
